
Microsoft Visual Studio Solution File, Format Version 12.00
# Visual Studio 2013
VisualStudioVersion = 12.0.31101.0
MinimumVisualStudioVersion = 10.0.40219.1
Project("{FAE04EC0-301F-11D3-BF4B-00C04F79EFBC}") = "PropTrade.App", "PropTrade.App\PropTrade.App.csproj", "{EDD2D3FC-8DEA-4A38-AD78-0CAD382A2906}"
EndProject
Project("{FAE04EC0-301F-11D3-BF4B-00C04F79EFBC}") = "PropTrade.Api", "PropTrade.Api\PropTrade.Api.csproj", "{C1EDC555-B87B-46A6-A555-CE95BE1C1FF0}"
EndProject
Project("{FAE04EC0-301F-11D3-BF4B-00C04F79EFBC}") = "PropTrade.Api.Tests", "PropTrade.Api.Tests\PropTrade.Api.Tests.csproj", "{C41769E4-FE0B-43B8-B74A-9B8C9AA3F187}"
EndProject
Global
	GlobalSection(SolutionConfigurationPlatforms) = preSolution
		Debug|Any CPU = Debug|Any CPU
		Release|Any CPU = Release|Any CPU
	EndGlobalSection
	GlobalSection(ProjectConfigurationPlatforms) = postSolution
		{EDD2D3FC-8DEA-4A38-AD78-0CAD382A2906}.Debug|Any CPU.ActiveCfg = Debug|Any CPU
		{EDD2D3FC-8DEA-4A38-AD78-0CAD382A2906}.Debug|Any CPU.Build.0 = Debug|Any CPU
		{EDD2D3FC-8DEA-4A38-AD78-0CAD382A2906}.Release|Any CPU.ActiveCfg = Release|Any CPU
		{EDD2D3FC-8DEA-4A38-AD78-0CAD382A2906}.Release|Any CPU.Build.0 = Release|Any CPU
		{C1EDC555-B87B-46A6-A555-CE95BE1C1FF0}.Debug|Any CPU.ActiveCfg = Debug|Any CPU
		{C1EDC555-B87B-46A6-A555-CE95BE1C1FF0}.Debug|Any CPU.Build.0 = Debug|Any CPU
		{C1EDC555-B87B-46A6-A555-CE95BE1C1FF0}.Release|Any CPU.ActiveCfg = Release|Any CPU
		{C1EDC555-B87B-46A6-A555-CE95BE1C1FF0}.Release|Any CPU.Build.0 = Release|Any CPU
		{C41769E4-FE0B-43B8-B74A-9B8C9AA3F187}.Debug|Any CPU.ActiveCfg = Debug|Any CPU
		{C41769E4-FE0B-43B8-B74A-9B8C9AA3F187}.Debug|Any CPU.Build.0 = Debug|Any CPU
		{C41769E4-FE0B-43B8-B74A-9B8C9AA3F187}.Release|Any CPU.ActiveCfg = Release|Any CPU
		{C41769E4-FE0B-43B8-B74A-9B8C9AA3F187}.Release|Any CPU.Build.0 = Release|Any CPU
	EndGlobalSection
	GlobalSection(SolutionProperties) = preSolution
		HideSolutionNode = FALSE
	EndGlobalSection
EndGlobal
